
Microsoft Visual Studio Solution File, Format Version 12.00
# Visual Studio Version 16
VisualStudioVersion = 16.0.30611.23
MinimumVisualStudioVersion = 15.0.26124.0
Project("{2150E333-8FDC-42A3-9474-1A3956D46DE8}") = "1b-Desktop Application", "1b-Desktop Application", "{09E744C0-0E03-47B6-B754-019BC44D8D4E}"
EndProject
Project("{9A19103F-16F7-4668-BE54-9A1E7A4F7556}") = "PeopleViewer", "PeopleViewer\PeopleViewer.csproj", "{F4C01A7D-97C8-42F5-A320-97C8769CB9A2}"
EndProject
Project("{2150E333-8FDC-42A3-9474-1A3956D46DE8}") = "1a-Web Application", "1a-Web Application", "{22977C9F-7EE5-4D96-BA2F-326DE9784174}"
EndProject
Project("{9A19103F-16F7-4668-BE54-9A1E7A4F7556}") = "PeopleViewer.Presentation", "PeopleViewer.Presentation\PeopleViewer.Presentation.csproj", "{0D014112-4D27-4C3D-93E5-4E25CAD2660A}"
EndProject
Project("{2150E333-8FDC-42A3-9474-1A3956D46DE8}") = "2-Data Access", "2-Data Access", "{EF117392-5AA9-4408-95B1-345272709A6A}"
EndProject
Project("{9A19103F-16F7-4668-BE54-9A1E7A4F7556}") = "PersonReader.Service", "PersonReader.Service\PersonReader.Service.csproj", "{10B1E1AB-8C9E-466A-92C9-02B91422ED5B}"
EndProject
Project("{9A19103F-16F7-4668-BE54-9A1E7A4F7556}") = "PersonReader.CSV", "PersonReader.CSV\PersonReader.CSV.csproj", "{50FE1EEA-A7EC-4643-93EE-6D245DE7CA3A}"
EndProject
Project("{2150E333-8FDC-42A3-9474-1A3956D46DE8}") = "3-Shared", "3-Shared", "{46A70BB9-D1C8-4ACF-96DE-A70743A86C0A}"
EndProject
Project("{9A19103F-16F7-4668-BE54-9A1E7A4F7556}") = "People.Service", "People.Service\People.Service.csproj", "{5775CA36-C3DF-440E-9A6E-992151336DDC}"
EndProject
Project("{9A19103F-16F7-4668-BE54-9A1E7A4F7556}") = "Common", "Common\Common.csproj", "{4296B02B-D279-4CB9-BD74-A76031237FC2}"
EndProject
Project("{2150E333-8FDC-42A3-9474-1A3956D46DE8}") = "4-Unit Tests", "4-Unit Tests", "{B448B4FD-B875-4123-854B-38826FDCA3C0}"
EndProject
Project("{9A19103F-16F7-4668-BE54-9A1E7A4F7556}") = "PeopleViewer.WebApp", "PeopleViewer.WebApp\PeopleViewer.WebApp.csproj", "{D7836D6F-D0D0-4484-9013-ED946AAB5F2F}"
EndProject
Project("{9A19103F-16F7-4668-BE54-9A1E7A4F7556}") = "PersonReader.CSV.Tests", "PersonReader.CSV.Tests\PersonReader.CSV.Tests.csproj", "{888037E4-0FC2-4748-A810-1E5D72D0FAB1}"
EndProject
Project("{9A19103F-16F7-4668-BE54-9A1E7A4F7556}") = "PeopleViewer.WebApp.Tests", "PeopleViewer.WebApp.Tests\PeopleViewer.WebApp.Tests.csproj", "{13030BF6-9E88-42D1-BF5B-7C554D291900}"
EndProject
Global
	GlobalSection(SolutionConfigurationPlatforms) = preSolution
		Debug|Any CPU = Debug|Any CPU
		Debug|x64 = Debug|x64
		Debug|x86 = Debug|x86
		Release|Any CPU = Release|Any CPU
		Release|x64 = Release|x64
		Release|x86 = Release|x86
	EndGlobalSection
	GlobalSection(ProjectConfigurationPlatforms) = postSolution
		{F4C01A7D-97C8-42F5-A320-97C8769CB9A2}.Debug|Any CPU.ActiveCfg = Debug|Any CPU
		{F4C01A7D-97C8-42F5-A320-97C8769CB9A2}.Debug|Any CPU.Build.0 = Debug|Any CPU
		{F4C01A7D-97C8-42F5-A320-97C8769CB9A2}.Debug|x64.ActiveCfg = Debug|Any CPU
		{F4C01A7D-97C8-42F5-A320-97C8769CB9A2}.Debug|x64.Build.0 = Debug|Any CPU
		{F4C01A7D-97C8-42F5-A320-97C8769CB9A2}.Debug|x86.ActiveCfg = Debug|Any CPU
		{F4C01A7D-97C8-42F5-A320-97C8769CB9A2}.Debug|x86.Build.0 = Debug|Any CPU
		{F4C01A7D-97C8-42F5-A320-97C8769CB9A2}.Release|Any CPU.ActiveCfg = Release|Any CPU
		{F4C01A7D-97C8-42F5-A320-97C8769CB9A2}.Release|Any CPU.Build.0 = Release|Any CPU
		{F4C01A7D-97C8-42F5-A320-97C8769CB9A2}.Release|x64.ActiveCfg = Release|Any CPU
		{F4C01A7D-97C8-42F5-A320-97C8769CB9A2}.Release|x64.Build.0 = Release|Any CPU
		{F4C01A7D-97C8-42F5-A320-97C8769CB9A2}.Release|x86.ActiveCfg = Release|Any CPU
		{F4C01A7D-97C8-42F5-A320-97C8769CB9A2}.Release|x86.Build.0 = Release|Any CPU
		{0D014112-4D27-4C3D-93E5-4E25CAD2660A}.Debug|Any CPU.ActiveCfg = Debug|Any CPU
		{0D014112-4D27-4C3D-93E5-4E25CAD2660A}.Debug|Any CPU.Build.0 = Debug|Any CPU
		{0D014112-4D27-4C3D-93E5-4E25CAD2660A}.Debug|x64.ActiveCfg = Debug|Any CPU
		{0D014112-4D27-4C3D-93E5-4E25CAD2660A}.Debug|x64.Build.0 = Debug|Any CPU
		{0D014112-4D27-4C3D-93E5-4E25CAD2660A}.Debug|x86.ActiveCfg = Debug|Any CPU
		{0D014112-4D27-4C3D-93E5-4E25CAD2660A}.Debug|x86.Build.0 = Debug|Any CPU
		{0D014112-4D27-4C3D-93E5-4E25CAD2660A}.Release|Any CPU.ActiveCfg = Release|Any CPU
		{0D014112-4D27-4C3D-93E5-4E25CAD2660A}.Release|Any CPU.Build.0 = Release|Any CPU
		{0D014112-4D27-4C3D-93E5-4E25CAD2660A}.Release|x64.ActiveCfg = Release|Any CPU
		{0D014112-4D27-4C3D-93E5-4E25CAD2660A}.Release|x64.Build.0 = Release|Any CPU
		{0D014112-4D27-4C3D-93E5-4E25CAD2660A}.Release|x86.ActiveCfg = Release|Any CPU
		{0D014112-4D27-4C3D-93E5-4E25CAD2660A}.Release|x86.Build.0 = Release|Any CPU
		{10B1E1AB-8C9E-466A-92C9-02B91422ED5B}.Debug|Any CPU.ActiveCfg = Debug|Any CPU
		{10B1E1AB-8C9E-466A-92C9-02B91422ED5B}.Debug|Any CPU.Build.0 = Debug|Any CPU
		{10B1E1AB-8C9E-466A-92C9-02B91422ED5B}.Debug|x64.ActiveCfg = Debug|Any CPU
		{10B1E1AB-8C9E-466A-92C9-02B91422ED5B}.Debug|x64.Build.0 = Debug|Any CPU
		{10B1E1AB-8C9E-466A-92C9-02B91422ED5B}.Debug|x86.ActiveCfg = Debug|Any CPU
		{10B1E1AB-8C9E-466A-92C9-02B91422ED5B}.Debug|x86.Build.0 = Debug|Any CPU
		{10B1E1AB-8C9E-466A-92C9-02B91422ED5B}.Release|Any CPU.ActiveCfg = Release|Any CPU
		{10B1E1AB-8C9E-466A-92C9-02B91422ED5B}.Release|Any CPU.Build.0 = Release|Any CPU
		{10B1E1AB-8C9E-466A-92C9-02B91422ED5B}.Release|x64.ActiveCfg = Release|Any CPU
		{10B1E1AB-8C9E-466A-92C9-02B91422ED5B}.Release|x64.Build.0 = Release|Any CPU
		{10B1E1AB-8C9E-466A-92C9-02B91422ED5B}.Release|x86.ActiveCfg = Release|Any CPU
		{10B1E1AB-8C9E-466A-92C9-02B91422ED5B}.Release|x86.Build.0 = Release|Any CPU
		{50FE1EEA-A7EC-4643-93EE-6D245DE7CA3A}.Debug|Any CPU.ActiveCfg = Debug|Any CPU
		{50FE1EEA-A7EC-4643-93EE-6D245DE7CA3A}.Debug|Any CPU.Build.0 = Debug|Any CPU
		{50FE1EEA-A7EC-4643-93EE-6D245DE7CA3A}.Debug|x64.ActiveCfg = Debug|Any CPU
		{50FE1EEA-A7EC-4643-93EE-6D245DE7CA3A}.Debug|x64.Build.0 = Debug|Any CPU
		{50FE1EEA-A7EC-4643-93EE-6D245DE7CA3A}.Debug|x86.ActiveCfg = Debug|Any CPU
		{50FE1EEA-A7EC-4643-93EE-6D245DE7CA3A}.Debug|x86.Build.0 = Debug|Any CPU
		{50FE1EEA-A7EC-4643-93EE-6D245DE7CA3A}.Release|Any CPU.ActiveCfg = Release|Any CPU
		{50FE1EEA-A7EC-4643-93EE-6D245DE7CA3A}.Release|Any CPU.Build.0 = Release|Any CPU
		{50FE1EEA-A7EC-4643-93EE-6D245DE7CA3A}.Release|x64.ActiveCfg = Release|Any CPU
		{50FE1EEA-A7EC-4643-93EE-6D245DE7CA3A}.Release|x64.Build.0 = Release|Any CPU
		{50FE1EEA-A7EC-4643-93EE-6D245DE7CA3A}.Release|x86.ActiveCfg = Release|Any CPU
		{50FE1EEA-A7EC-4643-93EE-6D245DE7CA3A}.Release|x86.Build.0 = Release|Any CPU
		{5775CA36-C3DF-440E-9A6E-992151336DDC}.Debug|Any CPU.ActiveCfg = Debug|Any CPU
		{5775CA36-C3DF-440E-9A6E-992151336DDC}.Debug|Any CPU.Build.0 = Debug|Any CPU
		{5775CA36-C3DF-440E-9A6E-992151336DDC}.Debug|x64.ActiveCfg = Debug|Any CPU
		{5775CA36-C3DF-440E-9A6E-992151336DDC}.Debug|x64.Build.0 = Debug|Any CPU
		{5775CA36-C3DF-440E-9A6E-992151336DDC}.Debug|x86.ActiveCfg = Debug|Any CPU
		{5775CA36-C3DF-440E-9A6E-992151336DDC}.Debug|x86.Build.0 = Debug|Any CPU
		{5775CA36-C3DF-440E-9A6E-992151336DDC}.Release|Any CPU.ActiveCfg = Release|Any CPU
		{5775CA36-C3DF-440E-9A6E-992151336DDC}.Release|Any CPU.Build.0 = Release|Any CPU
		{5775CA36-C3DF-440E-9A6E-992151336DDC}.Release|x64.ActiveCfg = Release|Any CPU
		{5775CA36-C3DF-440E-9A6E-992151336DDC}.Release|x64.Build.0 = Release|Any CPU
		{5775CA36-C3DF-440E-9A6E-992151336DDC}.Release|x86.ActiveCfg = Release|Any CPU
		{5775CA36-C3DF-440E-9A6E-992151336DDC}.Release|x86.Build.0 = Release|Any CPU
		{4296B02B-D279-4CB9-BD74-A76031237FC2}.Debug|Any CPU.ActiveCfg = Debug|Any CPU
		{4296B02B-D279-4CB9-BD74-A76031237FC2}.Debug|Any CPU.Build.0 = Debug|Any CPU
		{4296B02B-D279-4CB9-BD74-A76031237FC2}.Debug|x64.ActiveCfg = Debug|Any CPU
		{4296B02B-D279-4CB9-BD74-A76031237FC2}.Debug|x64.Build.0 = Debug|Any CPU
		{4296B02B-D279-4CB9-BD74-A76031237FC2}.Debug|x86.ActiveCfg = Debug|Any CPU
		{4296B02B-D279-4CB9-BD74-A76031237FC2}.Debug|x86.Build.0 = Debug|Any CPU
		{4296B02B-D279-4CB9-BD74-A76031237FC2}.Release|Any CPU.ActiveCfg = Release|Any CPU
		{4296B02B-D279-4CB9-BD74-A76031237FC2}.Release|Any CPU.Build.0 = Release|Any CPU
		{4296B02B-D279-4CB9-BD74-A76031237FC2}.Release|x64.ActiveCfg = Release|Any CPU
		{4296B02B-D279-4CB9-BD74-A76031237FC2}.Release|x64.Build.0 = Release|Any CPU
		{4296B02B-D279-4CB9-BD74-A76031237FC2}.Release|x86.ActiveCfg = Release|Any CPU
		{4296B02B-D279-4CB9-BD74-A76031237FC2}.Release|x86.Build.0 = Release|Any CPU
		{D7836D6F-D0D0-4484-9013-ED946AAB5F2F}.Debug|Any CPU.ActiveCfg = Debug|Any CPU
		{D7836D6F-D0D0-4484-9013-ED946AAB5F2F}.Debug|Any CPU.Build.0 = Debug|Any CPU
		{D7836D6F-D0D0-4484-9013-ED946AAB5F2F}.Debug|x64.ActiveCfg = Debug|Any CPU
		{D7836D6F-D0D0-4484-9013-ED946AAB5F2F}.Debug|x64.Build.0 = Debug|Any CPU
		{D7836D6F-D0D0-4484-9013-ED946AAB5F2F}.Debug|x86.ActiveCfg = Debug|Any CPU
		{D7836D6F-D0D0-4484-9013-ED946AAB5F2F}.Debug|x86.Build.0 = Debug|Any CPU
		{D7836D6F-D0D0-4484-9013-ED946AAB5F2F}.Release|Any CPU.ActiveCfg = Release|Any CPU
		{D7836D6F-D0D0-4484-9013-ED946AAB5F2F}.Release|Any CPU.Build.0 = Release|Any CPU
		{D7836D6F-D0D0-4484-9013-ED946AAB5F2F}.Release|x64.ActiveCfg = Release|Any CPU
		{D7836D6F-D0D0-4484-9013-ED946AAB5F2F}.Release|x64.Build.0 = Release|Any CPU
		{D7836D6F-D0D0-4484-9013-ED946AAB5F2F}.Release|x86.ActiveCfg = Release|Any CPU
		{D7836D6F-D0D0-4484-9013-ED946AAB5F2F}.Release|x86.Build.0 = Release|Any CPU
		{888037E4-0FC2-4748-A810-1E5D72D0FAB1}.Debug|Any CPU.ActiveCfg = Debug|Any CPU
		{888037E4-0FC2-4748-A810-1E5D72D0FAB1}.Debug|Any CPU.Build.0 = Debug|Any CPU
		{888037E4-0FC2-4748-A810-1E5D72D0FAB1}.Debug|x64.ActiveCfg = Debug|Any CPU
		{888037E4-0FC2-4748-A810-1E5D72D0FAB1}.Debug|x64.Build.0 = Debug|Any CPU
		{888037E4-0FC2-4748-A810-1E5D72D0FAB1}.Debug|x86.ActiveCfg = Debug|Any CPU
		{888037E4-0FC2-4748-A810-1E5D72D0FAB1}.Debug|x86.Build.0 = Debug|Any CPU
		{888037E4-0FC2-4748-A810-1E5D72D0FAB1}.Release|Any CPU.ActiveCfg = Release|Any CPU
		{888037E4-0FC2-4748-A810-1E5D72D0FAB1}.Release|Any CPU.Build.0 = Release|Any CPU
		{888037E4-0FC2-4748-A810-1E5D72D0FAB1}.Release|x64.ActiveCfg = Release|Any CPU
		{888037E4-0FC2-4748-A810-1E5D72D0FAB1}.Release|x64.Build.0 = Release|Any CPU
		{888037E4-0FC2-4748-A810-1E5D72D0FAB1}.Release|x86.ActiveCfg = Release|Any CPU
		{888037E4-0FC2-4748-A810-1E5D72D0FAB1}.Release|x86.Build.0 = Release|Any CPU
		{13030BF6-9E88-42D1-BF5B-7C554D291900}.Debug|Any CPU.ActiveCfg = Debug|Any CPU
		{13030BF6-9E88-42D1-BF5B-7C554D291900}.Debug|Any CPU.Build.0 = Debug|Any CPU
		{13030BF6-9E88-42D1-BF5B-7C554D291900}.Debug|x64.ActiveCfg = Debug|Any CPU
		{13030BF6-9E88-42D1-BF5B-7C554D291900}.Debug|x64.Build.0 = Debug|Any CPU
		{13030BF6-9E88-42D1-BF5B-7C554D291900}.Debug|x86.ActiveCfg = Debug|Any CPU
		{13030BF6-9E88-42D1-BF5B-7C554D291900}.Debug|x86.Build.0 = Debug|Any CPU
		{13030BF6-9E88-42D1-BF5B-7C554D291900}.Release|Any CPU.ActiveCfg = Release|Any CPU
		{13030BF6-9E88-42D1-BF5B-7C554D291900}.Release|Any CPU.Build.0 = Release|Any CPU
		{13030BF6-9E88-42D1-BF5B-7C554D291900}.Release|x64.ActiveCfg = Release|Any CPU
		{13030BF6-9E88-42D1-BF5B-7C554D291900}.Release|x64.Build.0 = Release|Any CPU
		{13030BF6-9E88-42D1-BF5B-7C554D291900}.Release|x86.ActiveCfg = Release|Any CPU
		{13030BF6-9E88-42D1-BF5B-7C554D291900}.Release|x86.Build.0 = Release|Any CPU
	EndGlobalSection
	GlobalSection(SolutionProperties) = preSolution
		HideSolutionNode = FALSE
	EndGlobalSection
	GlobalSection(NestedProjects) = preSolution
		{F4C01A7D-97C8-42F5-A320-97C8769CB9A2} = {09E744C0-0E03-47B6-B754-019BC44D8D4E}
		{0D014112-4D27-4C3D-93E5-4E25CAD2660A} = {09E744C0-0E03-47B6-B754-019BC44D8D4E}
		{10B1E1AB-8C9E-466A-92C9-02B91422ED5B} = {EF117392-5AA9-4408-95B1-345272709A6A}
		{50FE1EEA-A7EC-4643-93EE-6D245DE7CA3A} = {EF117392-5AA9-4408-95B1-345272709A6A}
		{5775CA36-C3DF-440E-9A6E-992151336DDC} = {46A70BB9-D1C8-4ACF-96DE-A70743A86C0A}
		{4296B02B-D279-4CB9-BD74-A76031237FC2} = {46A70BB9-D1C8-4ACF-96DE-A70743A86C0A}
		{D7836D6F-D0D0-4484-9013-ED946AAB5F2F} = {22977C9F-7EE5-4D96-BA2F-326DE9784174}
		{888037E4-0FC2-4748-A810-1E5D72D0FAB1} = {B448B4FD-B875-4123-854B-38826FDCA3C0}
		{13030BF6-9E88-42D1-BF5B-7C554D291900} = {B448B4FD-B875-4123-854B-38826FDCA3C0}
	EndGlobalSection
	GlobalSection(ExtensibilityGlobals) = postSolution
		SolutionGuid = {6B481A83-7134-4F1E-893C-9AFCFA0E74C9}
	EndGlobalSection
EndGlobal
