
Microsoft Visual Studio Solution File, Format Version 12.00
# Visual Studio Version 16
VisualStudioVersion = 16.0.30611.23
MinimumVisualStudioVersion = 15.0.26124.0
Project("{9A19103F-16F7-4668-BE54-9A1E7A4F7556}") = "DataProcessor", "DataProcessor\DataProcessor.csproj", "{31CE4BFD-962F-4452-9D52-379077B5D23C}"
EndProject
Project("{9A19103F-16F7-4668-BE54-9A1E7A4F7556}") = "DataProcessor.Library", "DataProcessor.Library\DataProcessor.Library.csproj", "{B026353F-2DD8-4348-90E1-632BA8FEFE87}"
EndProject
Project("{FAE04EC0-301F-11D3-BF4B-00C04F79EFBC}") = "DataProcessor.Library.Tests", "DataProcessor.Library.Tests\DataProcessor.Library.Tests.csproj", "{0E924AC2-FA12-4DD4-8511-3312F1414C97}"
EndProject
Global
	GlobalSection(SolutionConfigurationPlatforms) = preSolution
		Debug|Any CPU = Debug|Any CPU
		Debug|x64 = Debug|x64
		Debug|x86 = Debug|x86
		Release|Any CPU = Release|Any CPU
		Release|x64 = Release|x64
		Release|x86 = Release|x86
	EndGlobalSection
	GlobalSection(ProjectConfigurationPlatforms) = postSolution
		{31CE4BFD-962F-4452-9D52-379077B5D23C}.Debug|Any CPU.ActiveCfg = Debug|Any CPU
		{31CE4BFD-962F-4452-9D52-379077B5D23C}.Debug|Any CPU.Build.0 = Debug|Any CPU
		{31CE4BFD-962F-4452-9D52-379077B5D23C}.Debug|x64.ActiveCfg = Debug|Any CPU
		{31CE4BFD-962F-4452-9D52-379077B5D23C}.Debug|x64.Build.0 = Debug|Any CPU
		{31CE4BFD-962F-4452-9D52-379077B5D23C}.Debug|x86.ActiveCfg = Debug|Any CPU
		{31CE4BFD-962F-4452-9D52-379077B5D23C}.Debug|x86.Build.0 = Debug|Any CPU
		{31CE4BFD-962F-4452-9D52-379077B5D23C}.Release|Any CPU.ActiveCfg = Release|Any CPU
		{31CE4BFD-962F-4452-9D52-379077B5D23C}.Release|Any CPU.Build.0 = Release|Any CPU
		{31CE4BFD-962F-4452-9D52-379077B5D23C}.Release|x64.ActiveCfg = Release|Any CPU
		{31CE4BFD-962F-4452-9D52-379077B5D23C}.Release|x64.Build.0 = Release|Any CPU
		{31CE4BFD-962F-4452-9D52-379077B5D23C}.Release|x86.ActiveCfg = Release|Any CPU
		{31CE4BFD-962F-4452-9D52-379077B5D23C}.Release|x86.Build.0 = Release|Any CPU
		{B026353F-2DD8-4348-90E1-632BA8FEFE87}.Debug|Any CPU.ActiveCfg = Debug|Any CPU
		{B026353F-2DD8-4348-90E1-632BA8FEFE87}.Debug|Any CPU.Build.0 = Debug|Any CPU
		{B026353F-2DD8-4348-90E1-632BA8FEFE87}.Debug|x64.ActiveCfg = Debug|Any CPU
		{B026353F-2DD8-4348-90E1-632BA8FEFE87}.Debug|x64.Build.0 = Debug|Any CPU
		{B026353F-2DD8-4348-90E1-632BA8FEFE87}.Debug|x86.ActiveCfg = Debug|Any CPU
		{B026353F-2DD8-4348-90E1-632BA8FEFE87}.Debug|x86.Build.0 = Debug|Any CPU
		{B026353F-2DD8-4348-90E1-632BA8FEFE87}.Release|Any CPU.ActiveCfg = Release|Any CPU
		{B026353F-2DD8-4348-90E1-632BA8FEFE87}.Release|Any CPU.Build.0 = Release|Any CPU
		{B026353F-2DD8-4348-90E1-632BA8FEFE87}.Release|x64.ActiveCfg = Release|Any CPU
		{B026353F-2DD8-4348-90E1-632BA8FEFE87}.Release|x64.Build.0 = Release|Any CPU
		{B026353F-2DD8-4348-90E1-632BA8FEFE87}.Release|x86.ActiveCfg = Release|Any CPU
		{B026353F-2DD8-4348-90E1-632BA8FEFE87}.Release|x86.Build.0 = Release|Any CPU
		{0E924AC2-FA12-4DD4-8511-3312F1414C97}.Debug|Any CPU.ActiveCfg = Debug|Any CPU
		{0E924AC2-FA12-4DD4-8511-3312F1414C97}.Debug|Any CPU.Build.0 = Debug|Any CPU
		{0E924AC2-FA12-4DD4-8511-3312F1414C97}.Debug|x64.ActiveCfg = Debug|Any CPU
		{0E924AC2-FA12-4DD4-8511-3312F1414C97}.Debug|x64.Build.0 = Debug|Any CPU
		{0E924AC2-FA12-4DD4-8511-3312F1414C97}.Debug|x86.ActiveCfg = Debug|Any CPU
		{0E924AC2-FA12-4DD4-8511-3312F1414C97}.Debug|x86.Build.0 = Debug|Any CPU
		{0E924AC2-FA12-4DD4-8511-3312F1414C97}.Release|Any CPU.ActiveCfg = Release|Any CPU
		{0E924AC2-FA12-4DD4-8511-3312F1414C97}.Release|Any CPU.Build.0 = Release|Any CPU
		{0E924AC2-FA12-4DD4-8511-3312F1414C97}.Release|x64.ActiveCfg = Release|Any CPU
		{0E924AC2-FA12-4DD4-8511-3312F1414C97}.Release|x64.Build.0 = Release|Any CPU
		{0E924AC2-FA12-4DD4-8511-3312F1414C97}.Release|x86.ActiveCfg = Release|Any CPU
		{0E924AC2-FA12-4DD4-8511-3312F1414C97}.Release|x86.Build.0 = Release|Any CPU
	EndGlobalSection
	GlobalSection(SolutionProperties) = preSolution
		HideSolutionNode = FALSE
	EndGlobalSection
	GlobalSection(ExtensibilityGlobals) = postSolution
		SolutionGuid = {2DDB5218-6453-4D99-BF37-6B965822A5A0}
	EndGlobalSection
EndGlobal
